
Microsoft Visual Studio Solution File, Format Version 12.00
# Visual Studio Version 16
VisualStudioVersion = 16.0.31727.386
MinimumVisualStudioVersion = 10.0.40219.1
Project("{FAE04EC0-301F-11D3-BF4B-00C04F79EFBC}") = "FPU3D_Ejemplo2", "FPU3D_Ejemplo2.csproj", "{BF988CF1-E2E5-428E-A1A1-407F0BB69DDD}"
EndProject
Global
	GlobalSection(SolutionConfigurationPlatforms) = preSolution
		Debug|Any CPU = Debug|Any CPU
		Release|Any CPU = Release|Any CPU
	EndGlobalSection
	GlobalSection(ProjectConfigurationPlatforms) = postSolution
		{BF988CF1-E2E5-428E-A1A1-407F0BB69DDD}.Debug|Any CPU.ActiveCfg = Debug|Any CPU
		{BF988CF1-E2E5-428E-A1A1-407F0BB69DDD}.Debug|Any CPU.Build.0 = Debug|Any CPU
		{BF988CF1-E2E5-428E-A1A1-407F0BB69DDD}.Release|Any CPU.ActiveCfg = Release|Any CPU
		{BF988CF1-E2E5-428E-A1A1-407F0BB69DDD}.Release|Any CPU.Build.0 = Release|Any CPU
	EndGlobalSection
	GlobalSection(SolutionProperties) = preSolution
		HideSolutionNode = FALSE
	EndGlobalSection
	GlobalSection(ExtensibilityGlobals) = postSolution
		SolutionGuid = {581D5075-8788-4CDE-A27D-BE138EC63EBC}
	EndGlobalSection
EndGlobal
